// !$*UTF8*$!
{
	archiveVersion = 1;
	classes = {
	};
	objectVersion = 46;
	objects = {

/* Begin PBXBuildFile section */
		801DB37213E56D470061EFAB /* UIKit.framework in Frameworks */ = {isa = PBXBuildFile; fileRef = 801DB37113E56D470061EFAB /* UIKit.framework */; };
		801DB37413E56D470061EFAB /* Foundation.framework in Frameworks */ = {isa = PBXBuildFile; fileRef = 801DB37313E56D470061EFAB /* Foundation.framework */; };
		801DB37613E56D470061EFAB /* CoreGraphics.framework in Frameworks */ = {isa = PBXBuildFile; fileRef = 801DB37513E56D470061EFAB /* CoreGraphics.framework */; };
		801DB37C13E56D470061EFAB /* InfoPlist.strings in Resources */ = {isa = PBXBuildFile; fileRef = 801DB37A13E56D470061EFAB /* InfoPlist.strings */; };
		801DB37E13E56D470061EFAB /* main.m in Sources */ = {isa = PBXBuildFile; fileRef = 801DB37D13E56D470061EFAB /* main.m */; };
		801DB38213E56D470061EFAB /* JSONexampleAppDelegate.m in Sources */ = {isa = PBXBuildFile; fileRef = 801DB38113E56D470061EFAB /* JSONexampleAppDelegate.m */; };
		801DB38513E56D470061EFAB /* MainViewController.m in Sources */ = {isa = PBXBuildFile; fileRef = 801DB38413E56D470061EFAB /* MainViewController.m */; };
		801DB38813E56D470061EFAB /* FlipsideViewController.m in Sources */ = {isa = PBXBuildFile; fileRef = 801DB38713E56D470061EFAB /* FlipsideViewController.m */; };
		801DB38B13E56D470061EFAB /* MainViewController.xib in Resources */ = {isa = PBXBuildFile; fileRef = 801DB38913E56D470061EFAB /* MainViewController.xib */; };
		801DB38E13E56D470061EFAB /* FlipsideViewController.xib in Resources */ = {isa = PBXBuildFile; fileRef = 801DB38C13E56D470061EFAB /* FlipsideViewController.xib */; };
/* End PBXBuildFile section */

/* Begin PBXFileReference section */
		801DB36D13E56D470061EFAB /* JSONexample.app */ = {isa = PBXFileReference; explicitFileType = wrapper.application; includeInIndex = 0; path = JSONexample.app; sourceTree = BUILT_PRODUCTS_DIR; };
		801DB37113E56D470061EFAB /* UIKit.framework */ = {isa = PBXFileReference; lastKnownFileType = wrapper.framework; name = UIKit.framework; path = System/Library/Frameworks/UIKit.framework; sourceTree = SDKROOT; };
		801DB37313E56D470061EFAB /* Foundation.framework */ = {isa = PBXFileReference; lastKnownFileType = wrapper.framework; name = Foundation.framework; path = System/Library/Frameworks/Foundation.framework; sourceTree = SDKROOT; };
		801DB37513E56D470061EFAB /* CoreGraphics.framework */ = {isa = PBXFileReference; lastKnownFileType = wrapper.framework; name = CoreGraphics.framework; path = System/Library/Frameworks/CoreGraphics.framework; sourceTree = SDKROOT; };
		801DB37913E56D470061EFAB /* JSONexample-Info.plist */ = {isa = PBXFileReference; path = "JSONexample-Info.plist"; sourceTree = "<group>"; };
		801DB37B13E56D470061EFAB /* en */ = {isa = PBXFileReference; lastKnownFileType = text.plist.strings; name = en; path = en.lproj/InfoPlist.strings; sourceTree = "<group>"; };
		801DB37D13E56D470061EFAB /* main.m */ = {isa = PBXFileReference; lastKnownFileType = sourcecode.c.objc; path = main.m; sourceTree = "<group>"; };
		801DB37F13E56D470061EFAB /* JSONexample-Prefix.pch */ = {isa = PBXFileReference; path = "JSONexample-Prefix.pch"; sourceTree = "<group>"; };
		801DB38013E56D470061EFAB /* JSONexampleAppDelegate.h */ = {isa = PBXFileReference; path = JSONexampleAppDelegate.h; sourceTree = "<group>"; };
		801DB38113E56D470061EFAB /* JSONexampleAppDelegate.m */ = {isa = PBXFileReference; lastKnownFileType = sourcecode.c.objc; path = JSONexampleAppDelegate.m; sourceTree = "<group>"; };
		801DB38313E56D470061EFAB /* MainViewController.h */ = {isa = PBXFileReference; path = MainViewController.h; sourceTree = "<group>"; };
		801DB38413E56D470061EFAB /* MainViewController.m */ = {isa = PBXFileReference; lastKnownFileType = sourcecode.c.objc; path = MainViewController.m; sourceTree = "<group>"; };
		801DB38613E56D470061EFAB /* FlipsideViewController.h */ = {isa = PBXFileReference; path = FlipsideViewController.h; sourceTree = "<group>"; };
		801DB38713E56D470061EFAB /* FlipsideViewController.m */ = {isa = PBXFileReference; lastKnownFileType = sourcecode.c.objc; path = FlipsideViewController.m; sourceTree = "<group>"; };
		801DB38A13E56D470061EFAB /* en */ = {isa = PBXFileReference; lastKnownFileType = file.xib; name = en; path = en.lproj/MainViewController.xib; sourceTree = "<group>"; };
		801DB38D13E56D470061EFAB /* en */ = {isa = PBXFileReference; lastKnownFileType = file.xib; name = en; path = en.lproj/FlipsideViewController.xib; sourceTree = "<group>"; };
/* End PBXFileReference section */

/* Begin PBXFrameworksBuildPhase section */
		801DB36A13E56D470061EFAB /* Frameworks */ = {
			isa = PBXFrameworksBuildPhase;
			buildActionMask = 2147483647;
			files = (
				801DB37213E56D470061EFAB /* UIKit.framework in Frameworks */,
				801DB37413E56D470061EFAB /* Foundation.framework in Frameworks */,
				801DB37613E56D470061EFAB /* CoreGraphics.framework in Frameworks */,
			);
			runOnlyForDeploymentPostprocessing = 0;
		};
/* End PBXFrameworksBuildPhase section */

/* Begin PBXGroup section */
		801DB36213E56D460061EFAB = {
			isa = PBXGroup;
			children = (
				801DB37713E56D470061EFAB /* JSONexample */,
				801DB37013E56D470061EFAB /* Frameworks */,
				801DB36E13E56D470061EFAB /* Products */,
			);
			sourceTree = "<group>";
		};
		801DB36E13E56D470061EFAB /* Products */ = {
			isa = PBXGroup;
			children = (
				801DB36D13E56D470061EFAB /* JSONexample.app */,
			);
			name = Products;
			sourceTree = "<group>";
		};
		801DB37013E56D470061EFAB /* Frameworks */ = {
			isa = PBXGroup;
			children = (
				801DB37113E56D470061EFAB /* UIKit.framework */,
				801DB37313E56D470061EFAB /* Foundation.framework */,
				801DB37513E56D470061EFAB /* CoreGraphics.framework */,
			);
			name = Frameworks;
			sourceTree = "<group>";
		};
		801DB37713E56D470061EFAB /* JSONexample */ = {
			isa = PBXGroup;
			children = (
				801DB38013E56D470061EFAB /* JSONexampleAppDelegate.h */,
				801DB38113E56D470061EFAB /* JSONexampleAppDelegate.m */,
				801DB38313E56D470061EFAB /* MainViewController.h */,
				801DB38413E56D470061EFAB /* MainViewController.m */,
				801DB38613E56D470061EFAB /* FlipsideViewController.h */,
				801DB38713E56D470061EFAB /* FlipsideViewController.m */,
				801DB38913E56D470061EFAB /* MainViewController.xib */,
				801DB38C13E56D470061EFAB /* FlipsideViewController.xib */,
				801DB37813E56D470061EFAB /* Supporting Files */,
			);
			path = JSONexample;
			sourceTree = "<group>";
		};
		801DB37813E56D470061EFAB /* Supporting Files */ = {
			isa = PBXGroup;
			children = (
				801DB37913E56D470061EFAB /* JSONexample-Info.plist */,
				801DB37A13E56D470061EFAB /* InfoPlist.strings */,
				801DB37D13E56D470061EFAB /* main.m */,
				801DB37F13E56D470061EFAB /* JSONexample-Prefix.pch */,
			);
			name = "Supporting Files";
			sourceTree = "<group>";
		};
/* End PBXGroup section */

/* Begin PBXNativeTarget section */
		801DB36C13E56D470061EFAB /* JSONexample */ = {
			isa = PBXNativeTarget;
			buildConfigurationList = 801DB39113E56D470061EFAB /* Build configuration list for PBXNativeTarget "JSONexample" */;
			buildPhases = (
				801DB36913E56D470061EFAB /* Sources */,
				801DB36A13E56D470061EFAB /* Frameworks */,
				801DB36B13E56D470061EFAB /* Resources */,
			);
			buildRules = (
			);
			dependencies = (
			);
			name = JSONexample;
			productName = JSONexample;
			productReference = 801DB36D13E56D470061EFAB /* JSONexample.app */;
			productType = "com.apple.product-type.application";
		};
/* End PBXNativeTarget section */

/* Begin PBXProject section */
		801DB36413E56D460061EFAB /* Project object */ = {
			isa = PBXProject;
			buildConfigurationList = 801DB36713E56D460061EFAB /* Build configuration list for PBXProject "JSONexample" */;
			compatibilityVersion = "Xcode 3.2";
			developmentRegion = English;
			hasScannedForEncodings = 0;
			knownRegions = (
				en,
			);
			mainGroup = 801DB36213E56D460061EFAB;
			productRefGroup = 801DB36E13E56D470061EFAB /* Products */;
			projectDirPath = "";
			projectRoot = "";
			targets = (
				801DB36C13E56D470061EFAB /* JSONexample */,
			);
		};
/* End PBXProject section */

/* Begin PBXResourcesBuildPhase section */
		801DB36B13E56D470061EFAB /* Resources */ = {
			isa = PBXResourcesBuildPhase;
			buildActionMask = 2147483647;
			files = (
				801DB37C13E56D470061EFAB /* InfoPlist.strings in Resources */,
				801DB38B13E56D470061EFAB /* MainViewController.xib in Resources */,
				801DB38E13E56D470061EFAB /* FlipsideViewController.xib in Resources */,
			);
			runOnlyForDeploymentPostprocessing = 0;
		};
/* End PBXResourcesBuildPhase section */

/* Begin PBXSourcesBuildPhase section */
		801DB36913E56D470061EFAB /* Sources */ = {
			isa = PBXSourcesBuildPhase;
			buildActionMask = 2147483647;
			files = (
				801DB37E13E56D470061EFAB /* main.m in Sources */,
				801DB38213E56D470061EFAB /* JSONexampleAppDelegate.m in Sources */,
				801DB38513E56D470061EFAB /* MainViewController.m in Sources */,
				801DB38813E56D470061EFAB /* FlipsideViewController.m in Sources */,
			);
			runOnlyForDeploymentPostprocessing = 0;
		};
/* End PBXSourcesBuildPhase section */

/* Begin PBXVariantGroup section */
		801DB37A13E56D470061EFAB /* InfoPlist.strings */ = {
			isa = PBXVariantGroup;
			children = (
				801DB37B13E56D470061EFAB /* en */,
			);
			name = InfoPlist.strings;
			sourceTree = "<group>";
		};
		801DB38913E56D470061EFAB /* MainViewController.xib */ = {
			isa = PBXVariantGroup;
			children = (
				801DB38A13E56D470061EFAB /* en */,
			);
			name = MainViewController.xib;
			sourceTree = "<group>";
		};
		801DB38C13E56D470061EFAB /* FlipsideViewController.xib */ = {
			isa = PBXVariantGroup;
			children = (
				801DB38D13E56D470061EFAB /* en */,
			);
			name = FlipsideViewController.xib;
			sourceTree = "<group>";
		};
/* End PBXVariantGroup section */

/* Begin XCBuildConfiguration section */
		801DB38F13E56D470061EFAB /* Debug */ = {
			isa = XCBuildConfiguration;
			buildSettings = {
				ALWAYS_SEARCH_USER_PATHS = NO;
				ARCHS = "$(ARCHS_STANDARD_32_BIT)";
				CLANG_ENABLE_OBJC_ARC = YES;
				"CODE_SIGN_IDENTITY[sdk=iphoneos*]" = "iPhone Developer";
				COPY_PHASE_STRIP = NO;
				GCC_C_LANGUAGE_STANDARD = gnu99;
				GCC_DYNAMIC_NO_PIC = NO;
				GCC_OPTIMIZATION_LEVEL = 0;
				GCC_PREPROCESSOR_DEFINITIONS = (
					"DEBUG=1",
					"$(inherited)",
				);
				GCC_SYMBOLS_PRIVATE_EXTERN = NO;
				GCC_VERSION = com.apple.compilers.llvm.clang.1_0;
				GCC_WARN_ABOUT_MISSING_PROTOTYPES = YES;
				GCC_WARN_ABOUT_RETURN_TYPE = YES;
				GCC_WARN_UNUSED_VARIABLE = YES;
				IPHONEOS_DEPLOYMENT_TARGET = 5.0;
				SDKROOT = iphoneos;
			};
			name = Debug;
		};
		801DB39013E56D470061EFAB /* Release */ = {
			isa = XCBuildConfiguration;
			buildSettings = {
				ALWAYS_SEARCH_USER_PATHS = NO;
				ARCHS = "$(ARCHS_STANDARD_32_BIT)";
				CLANG_ENABLE_OBJC_ARC = YES;
				"CODE_SIGN_IDENTITY[sdk=iphoneos*]" = "iPhone Developer";
				COPY_PHASE_STRIP = YES;
				GCC_C_LANGUAGE_STANDARD = gnu99;
				GCC_VERSION = com.apple.compilers.llvm.clang.1_0;
				GCC_WARN_ABOUT_MISSING_PROTOTYPES = YES;
				GCC_WARN_ABOUT_RETURN_TYPE = YES;
				GCC_WARN_UNUSED_VARIABLE = YES;
				IPHONEOS_DEPLOYMENT_TARGET = 5.0;
				OTHER_CFLAGS = "-DNS_BLOCK_ASSERTIONS=1";
				SDKROOT = iphoneos;
				VALIDATE_PRODUCT = YES;
			};
			name = Release;
		};
		801DB39213E56D470061EFAB /* Debug */ = {
			isa = XCBuildConfiguration;
			buildSettings = {
				GCC_PRECOMPILE_PREFIX_HEADER = YES;
				GCC_PREFIX_HEADER = "JSONexample/JSONexample-Prefix.pch";
				INFOPLIST_FILE = "JSONexample/JSONexample-Info.plist";
				PRODUCT_NAME = "$(TARGET_NAME)";
				WRAPPER_EXTENSION = app;
			};
			name = Debug;
		};
		801DB39313E56D470061EFAB /* Release */ = {
			isa = XCBuildConfiguration;
			buildSettings = {
				GCC_PRECOMPILE_PREFIX_HEADER = YES;
				GCC_PREFIX_HEADER = "JSONexample/JSONexample-Prefix.pch";
				INFOPLIST_FILE = "JSONexample/JSONexample-Info.plist";
				PRODUCT_NAME = "$(TARGET_NAME)";
				WRAPPER_EXTENSION = app;
			};
			name = Release;
		};
/* End XCBuildConfiguration section */

/* Begin XCConfigurationList section */
		801DB36713E56D460061EFAB /* Build configuration list for PBXProject "JSONexample" */ = {
			isa = XCConfigurationList;
			buildConfigurations = (
				801DB38F13E56D470061EFAB /* Debug */,
				801DB39013E56D470061EFAB /* Release */,
			);
			defaultConfigurationIsVisible = 0;
			defaultConfigurationName = Release;
		};
		801DB39113E56D470061EFAB /* Build configuration list for PBXNativeTarget "JSONexample" */ = {
			isa = XCConfigurationList;
			buildConfigurations = (
				801DB39213E56D470061EFAB /* Debug */,
				801DB39313E56D470061EFAB /* Release */,
			);
			defaultConfigurationIsVisible = 0;
		};
/* End XCConfigurationList section */
	};
	rootObject = 801DB36413E56D460061EFAB /* Project object */;
}
